
Microsoft Visual Studio Solution File, Format Version 12.00
# Visual Studio Version 16
VisualStudioVersion = 16.0.30804.86
MinimumVisualStudioVersion = 10.0.40219.1
Project("{FAE04EC0-301F-11D3-BF4B-00C04F79EFBC}") = "SpacemanConsoleGame", "SpacemanConsoleGame\SpacemanConsoleGame.csproj", "{D68026F5-31D4-4A96-B784-2A6E1614D759}"
EndProject
Global
	GlobalSection(SolutionConfigurationPlatforms) = preSolution
		Debug|Any CPU = Debug|Any CPU
		Release|Any CPU = Release|Any CPU
	EndGlobalSection
	GlobalSection(ProjectConfigurationPlatforms) = postSolution
		{D68026F5-31D4-4A96-B784-2A6E1614D759}.Debug|Any CPU.ActiveCfg = Debug|Any CPU
		{D68026F5-31D4-4A96-B784-2A6E1614D759}.Debug|Any CPU.Build.0 = Debug|Any CPU
		{D68026F5-31D4-4A96-B784-2A6E1614D759}.Release|Any CPU.ActiveCfg = Release|Any CPU
		{D68026F5-31D4-4A96-B784-2A6E1614D759}.Release|Any CPU.Build.0 = Release|Any CPU
	EndGlobalSection
	GlobalSection(SolutionProperties) = preSolution
		HideSolutionNode = FALSE
	EndGlobalSection
	GlobalSection(ExtensibilityGlobals) = postSolution
		SolutionGuid = {4F74B465-034A-4ED5-B356-E5BEC7ED318D}
	EndGlobalSection
EndGlobal
